
Microsoft Visual Studio Solution File, Format Version 12.00
# Visual Studio Version 17
VisualStudioVersion = 17.11.35222.181
MinimumVisualStudioVersion = 10.0.40219.1
Project("{FAE04EC0-301F-11D3-BF4B-00C04F79EFBC}") = "Cadenasdeconsulta10282395", "Cadenasdeconsulta10282395\Cadenasdeconsulta10282395.csproj", "{C4D62F1B-7EDA-485F-8E71-77BF521E0398}"
EndProject
Global
	GlobalSection(SolutionConfigurationPlatforms) = preSolution
		Debug|Any CPU = Debug|Any CPU
		Release|Any CPU = Release|Any CPU
	EndGlobalSection
	GlobalSection(ProjectConfigurationPlatforms) = postSolution
		{C4D62F1B-7EDA-485F-8E71-77BF521E0398}.Debug|Any CPU.ActiveCfg = Debug|Any CPU
		{C4D62F1B-7EDA-485F-8E71-77BF521E0398}.Debug|Any CPU.Build.0 = Debug|Any CPU
		{C4D62F1B-7EDA-485F-8E71-77BF521E0398}.Release|Any CPU.ActiveCfg = Release|Any CPU
		{C4D62F1B-7EDA-485F-8E71-77BF521E0398}.Release|Any CPU.Build.0 = Release|Any CPU
	EndGlobalSection
	GlobalSection(SolutionProperties) = preSolution
		HideSolutionNode = FALSE
	EndGlobalSection
	GlobalSection(ExtensibilityGlobals) = postSolution
		SolutionGuid = {65908929-593F-48E8-8099-192068665DC8}
	EndGlobalSection
EndGlobal
